
Microsoft Visual Studio Solution File, Format Version 12.00
# Visual Studio Version 16
VisualStudioVersion = 16.0.30128.74
MinimumVisualStudioVersion = 10.0.40219.1
Project("{FAE04EC0-301F-11D3-BF4B-00C04F79EFBC}") = "InveSim.App", "InveSim.App\InveSim.App.csproj", "{1B8E5167-C124-426A-8563-D5C0A6FE3BB4}"
EndProject
Project("{FAE04EC0-301F-11D3-BF4B-00C04F79EFBC}") = "InveSim.Simulator", "InveSim.Simulator\InveSim.Simulator.csproj", "{31F549E6-9C74-4885-BF8F-6A44368EEF69}"
EndProject
Global
	GlobalSection(SolutionConfigurationPlatforms) = preSolution
		Debug|Any CPU = Debug|Any CPU
		Release|Any CPU = Release|Any CPU
	EndGlobalSection
	GlobalSection(ProjectConfigurationPlatforms) = postSolution
		{1B8E5167-C124-426A-8563-D5C0A6FE3BB4}.Debug|Any CPU.ActiveCfg = Debug|Any CPU
		{1B8E5167-C124-426A-8563-D5C0A6FE3BB4}.Debug|Any CPU.Build.0 = Debug|Any CPU
		{1B8E5167-C124-426A-8563-D5C0A6FE3BB4}.Release|Any CPU.ActiveCfg = Release|Any CPU
		{1B8E5167-C124-426A-8563-D5C0A6FE3BB4}.Release|Any CPU.Build.0 = Release|Any CPU
		{31F549E6-9C74-4885-BF8F-6A44368EEF69}.Debug|Any CPU.ActiveCfg = Debug|Any CPU
		{31F549E6-9C74-4885-BF8F-6A44368EEF69}.Debug|Any CPU.Build.0 = Debug|Any CPU
		{31F549E6-9C74-4885-BF8F-6A44368EEF69}.Release|Any CPU.ActiveCfg = Release|Any CPU
		{31F549E6-9C74-4885-BF8F-6A44368EEF69}.Release|Any CPU.Build.0 = Release|Any CPU
	EndGlobalSection
	GlobalSection(SolutionProperties) = preSolution
		HideSolutionNode = FALSE
	EndGlobalSection
	GlobalSection(ExtensibilityGlobals) = postSolution
		SolutionGuid = {54F76144-5BC8-4EB8-AC2B-DD6BC063B84E}
	EndGlobalSection
EndGlobal
